// !$*UTF8*$!
{
	archiveVersion = 1;
	classes = {
	};
	objectVersion = 50;
	objects = {

/* Begin PBXBuildFile section */
		92783FFA264188B40023F503 /* Poppins-Medium.ttf in Resources */ = {isa = PBXBuildFile; fileRef = 92783FE8264188B30023F503 /* Poppins-Medium.ttf */; };
		92783FFB264188B40023F503 /* Poppins-Regular.ttf in Resources */ = {isa = PBXBuildFile; fileRef = 92783FE9264188B30023F503 /* Poppins-Regular.ttf */; };
		92783FFC264188B40023F503 /* Poppins-LightItalic.ttf in Resources */ = {isa = PBXBuildFile; fileRef = 92783FEA264188B30023F503 /* Poppins-LightItalic.ttf */; };
		92783FFD264188B40023F503 /* Poppins-Black.ttf in Resources */ = {isa = PBXBuildFile; fileRef = 92783FEB264188B30023F503 /* Poppins-Black.ttf */; };
		92783FFE264188B40023F503 /* Poppins-SemiBold.ttf in Resources */ = {isa = PBXBuildFile; fileRef = 92783FEC264188B30023F503 /* Poppins-SemiBold.ttf */; };
		92783FFF264188B40023F503 /* Poppins-Light.ttf in Resources */ = {isa = PBXBuildFile; fileRef = 92783FED264188B30023F503 /* Poppins-Light.ttf */; };
		92784000264188B40023F503 /* Poppins-Thin.ttf in Resources */ = {isa = PBXBuildFile; fileRef = 92783FEE264188B30023F503 /* Poppins-Thin.ttf */; };
		92784001264188B40023F503 /* Poppins-ThinItalic.ttf in Resources */ = {isa = PBXBuildFile; fileRef = 92783FEF264188B30023F503 /* Poppins-ThinItalic.ttf */; };
		92784002264188B40023F503 /* Poppins-ExtraBold.ttf in Resources */ = {isa = PBXBuildFile; fileRef = 92783FF0264188B30023F503 /* Poppins-ExtraBold.ttf */; };
		92784003264188B40023F503 /* Poppins-BoldItalic.ttf in Resources */ = {isa = PBXBuildFile; fileRef = 92783FF1264188B30023F503 /* Poppins-BoldItalic.ttf */; };
		92784004264188B40023F503 /* Poppins-ExtraLightItalic.ttf in Resources */ = {isa = PBXBuildFile; fileRef = 92783FF2264188B30023F503 /* Poppins-ExtraLightItalic.ttf */; };
		92784005264188B40023F503 /* Poppins-Italic.ttf in Resources */ = {isa = PBXBuildFile; fileRef = 92783FF3264188B30023F503 /* Poppins-Italic.ttf */; };
		92784006264188B40023F503 /* Poppins-ExtraBoldItalic.ttf in Resources */ = {isa = PBXBuildFile; fileRef = 92783FF4264188B30023F503 /* Poppins-ExtraBoldItalic.ttf */; };
		92784007264188B40023F503 /* Poppins-BlackItalic.ttf in Resources */ = {isa = PBXBuildFile; fileRef = 92783FF5264188B30023F503 /* Poppins-BlackItalic.ttf */; };
		92784008264188B40023F503 /* Poppins-ExtraLight.ttf in Resources */ = {isa = PBXBuildFile; fileRef = 92783FF6264188B40023F503 /* Poppins-ExtraLight.ttf */; };
		92784009264188B40023F503 /* Poppins-Bold.ttf in Resources */ = {isa = PBXBuildFile; fileRef = 92783FF7264188B40023F503 /* Poppins-Bold.ttf */; };
		9278400A264188B40023F503 /* Poppins-SemiBoldItalic.ttf in Resources */ = {isa = PBXBuildFile; fileRef = 92783FF8264188B40023F503 /* Poppins-SemiBoldItalic.ttf */; };
		9278400B264188B40023F503 /* Poppins-MediumItalic.ttf in Resources */ = {isa = PBXBuildFile; fileRef = 92783FF9264188B40023F503 /* Poppins-MediumItalic.ttf */; };
		9278400D26419D010023F503 /* TrainingView.swift in Sources */ = {isa = PBXBuildFile; fileRef = 9278400C26419D010023F503 /* TrainingView.swift */; };
		92EDA0E7263C06ED00CB2887 /* DribbbleDesignsApp.swift in Sources */ = {isa = PBXBuildFile; fileRef = 92EDA0E6263C06ED00CB2887 /* DribbbleDesignsApp.swift */; };
		92EDA0E9263C06ED00CB2887 /* ContentView.swift in Sources */ = {isa = PBXBuildFile; fileRef = 92EDA0E8263C06ED00CB2887 /* ContentView.swift */; };
		92EDA0EB263C06EF00CB2887 /* Assets.xcassets in Resources */ = {isa = PBXBuildFile; fileRef = 92EDA0EA263C06EF00CB2887 /* Assets.xcassets */; };
		92EDA0EE263C06EF00CB2887 /* Preview Assets.xcassets in Resources */ = {isa = PBXBuildFile; fileRef = 92EDA0ED263C06EF00CB2887 /* Preview Assets.xcassets */; };
		92EDA0F7263C2DFD00CB2887 /* Image.png in Resources */ = {isa = PBXBuildFile; fileRef = 92EDA0F6263C2DFD00CB2887 /* Image.png */; };
/* End PBXBuildFile section */

/* Begin PBXFileReference section */
		92783FE8264188B30023F503 /* Poppins-Medium.ttf */ = {isa = PBXFileReference; lastKnownFileType = file; path = "Poppins-Medium.ttf"; sourceTree = "<group>"; };
		92783FE9264188B30023F503 /* Poppins-Regular.ttf */ = {isa = PBXFileReference; lastKnownFileType = file; path = "Poppins-Regular.ttf"; sourceTree = "<group>"; };
		92783FEA264188B30023F503 /* Poppins-LightItalic.ttf */ = {isa = PBXFileReference; lastKnownFileType = file; path = "Poppins-LightItalic.ttf"; sourceTree = "<group>"; };
		92783FEB264188B30023F503 /* Poppins-Black.ttf */ = {isa = PBXFileReference; lastKnownFileType = file; path = "Poppins-Black.ttf"; sourceTree = "<group>"; };
		92783FEC264188B30023F503 /* Poppins-SemiBold.ttf */ = {isa = PBXFileReference; lastKnownFileType = file; path = "Poppins-SemiBold.ttf"; sourceTree = "<group>"; };
		92783FED264188B30023F503 /* Poppins-Light.ttf */ = {isa = PBXFileReference; lastKnownFileType = file; path = "Poppins-Light.ttf"; sourceTree = "<group>"; };
		92783FEE264188B30023F503 /* Poppins-Thin.ttf */ = {isa = PBXFileReference; lastKnownFileType = file; path = "Poppins-Thin.ttf"; sourceTree = "<group>"; };
		92783FEF264188B30023F503 /* Poppins-ThinItalic.ttf */ = {isa = PBXFileReference; lastKnownFileType = file; path = "Poppins-ThinItalic.ttf"; sourceTree = "<group>"; };
		92783FF0264188B30023F503 /* Poppins-ExtraBold.ttf */ = {isa = PBXFileReference; lastKnownFileType = file; path = "Poppins-ExtraBold.ttf"; sourceTree = "<group>"; };
		92783FF1264188B30023F503 /* Poppins-BoldItalic.ttf */ = {isa = PBXFileReference; lastKnownFileType = file; path = "Poppins-BoldItalic.ttf"; sourceTree = "<group>"; };
		92783FF2264188B30023F503 /* Poppins-ExtraLightItalic.ttf */ = {isa = PBXFileReference; lastKnownFileType = file; path = "Poppins-ExtraLightItalic.ttf"; sourceTree = "<group>"; };
		92783FF3264188B30023F503 /* Poppins-Italic.ttf */ = {isa = PBXFileReference; lastKnownFileType = file; path = "Poppins-Italic.ttf"; sourceTree = "<group>"; };
		92783FF4264188B30023F503 /* Poppins-ExtraBoldItalic.ttf */ = {isa = PBXFileReference; lastKnownFileType = file; path = "Poppins-ExtraBoldItalic.ttf"; sourceTree = "<group>"; };
		92783FF5264188B30023F503 /* Poppins-BlackItalic.ttf */ = {isa = PBXFileReference; lastKnownFileType = file; path = "Poppins-BlackItalic.ttf"; sourceTree = "<group>"; };
		92783FF6264188B40023F503 /* Poppins-ExtraLight.ttf */ = {isa = PBXFileReference; lastKnownFileType = file; path = "Poppins-ExtraLight.ttf"; sourceTree = "<group>"; };
		92783FF7264188B40023F503 /* Poppins-Bold.ttf */ = {isa = PBXFileReference; lastKnownFileType = file; path = "Poppins-Bold.ttf"; sourceTree = "<group>"; };
		92783FF8264188B40023F503 /* Poppins-SemiBoldItalic.ttf */ = {isa = PBXFileReference; lastKnownFileType = file; path = "Poppins-SemiBoldItalic.ttf"; sourceTree = "<group>"; };
		92783FF9264188B40023F503 /* Poppins-MediumItalic.ttf */ = {isa = PBXFileReference; lastKnownFileType = file; path = "Poppins-MediumItalic.ttf"; sourceTree = "<group>"; };
		9278400C26419D010023F503 /* TrainingView.swift */ = {isa = PBXFileReference; lastKnownFileType = sourcecode.swift; path = TrainingView.swift; sourceTree = "<group>"; };
		92EDA0E3263C06ED00CB2887 /* DribbbleDesigns.app */ = {isa = PBXFileReference; explicitFileType = wrapper.application; includeInIndex = 0; path = DribbbleDesigns.app; sourceTree = BUILT_PRODUCTS_DIR; };
		92EDA0E6263C06ED00CB2887 /* DribbbleDesignsApp.swift */ = {isa = PBXFileReference; lastKnownFileType = sourcecode.swift; path = DribbbleDesignsApp.swift; sourceTree = "<group>"; };
		92EDA0E8263C06ED00CB2887 /* ContentView.swift */ = {isa = PBXFileReference; lastKnownFileType = sourcecode.swift; path = ContentView.swift; sourceTree = "<group>"; };
		92EDA0EA263C06EF00CB2887 /* Assets.xcassets */ = {isa = PBXFileReference; lastKnownFileType = folder.assetcatalog; path = Assets.xcassets; sourceTree = "<group>"; };
		92EDA0ED263C06EF00CB2887 /* Preview Assets.xcassets */ = {isa = PBXFileReference; lastKnownFileType = folder.assetcatalog; path = "Preview Assets.xcassets"; sourceTree = "<group>"; };
		92EDA0EF263C06EF00CB2887 /* Info.plist */ = {isa = PBXFileReference; lastKnownFileType = text.plist.xml; path = Info.plist; sourceTree = "<group>"; };
		92EDA0F6263C2DFD00CB2887 /* Image.png */ = {isa = PBXFileReference; lastKnownFileType = image.png; path = Image.png; sourceTree = "<group>"; };
/* End PBXFileReference section */

/* Begin PBXFrameworksBuildPhase section */
		92EDA0E0263C06ED00CB2887 /* Frameworks */ = {
			isa = PBXFrameworksBuildPhase;
			buildActionMask = 2147483647;
			files = (
			);
			runOnlyForDeploymentPostprocessing = 0;
		};
/* End PBXFrameworksBuildPhase section */

/* Begin PBXGroup section */
		92783FE7264188A50023F503 /* Fonts */ = {
			isa = PBXGroup;
			children = (
				92783FEB264188B30023F503 /* Poppins-Black.ttf */,
				92783FF5264188B30023F503 /* Poppins-BlackItalic.ttf */,
				92783FF7264188B40023F503 /* Poppins-Bold.ttf */,
				92783FF1264188B30023F503 /* Poppins-BoldItalic.ttf */,
				92783FF0264188B30023F503 /* Poppins-ExtraBold.ttf */,
				92783FF4264188B30023F503 /* Poppins-ExtraBoldItalic.ttf */,
				92783FF6264188B40023F503 /* Poppins-ExtraLight.ttf */,
				92783FF2264188B30023F503 /* Poppins-ExtraLightItalic.ttf */,
				92783FF3264188B30023F503 /* Poppins-Italic.ttf */,
				92783FED264188B30023F503 /* Poppins-Light.ttf */,
				92783FEA264188B30023F503 /* Poppins-LightItalic.ttf */,
				92783FE8264188B30023F503 /* Poppins-Medium.ttf */,
				92783FF9264188B40023F503 /* Poppins-MediumItalic.ttf */,
				92783FE9264188B30023F503 /* Poppins-Regular.ttf */,
				92783FEC264188B30023F503 /* Poppins-SemiBold.ttf */,
				92783FF8264188B40023F503 /* Poppins-SemiBoldItalic.ttf */,
				92783FEE264188B30023F503 /* Poppins-Thin.ttf */,
				92783FEF264188B30023F503 /* Poppins-ThinItalic.ttf */,
			);
			path = Fonts;
			sourceTree = "<group>";
		};
		92EDA0DA263C06ED00CB2887 = {
			isa = PBXGroup;
			children = (
				92EDA0E5263C06ED00CB2887 /* DribbbleDesigns */,
				92EDA0E4263C06ED00CB2887 /* Products */,
			);
			sourceTree = "<group>";
		};
		92EDA0E4263C06ED00CB2887 /* Products */ = {
			isa = PBXGroup;
			children = (
				92EDA0E3263C06ED00CB2887 /* DribbbleDesigns.app */,
			);
			name = Products;
			sourceTree = "<group>";
		};
		92EDA0E5263C06ED00CB2887 /* DribbbleDesigns */ = {
			isa = PBXGroup;
			children = (
				92783FE7264188A50023F503 /* Fonts */,
				92EDA0E6263C06ED00CB2887 /* DribbbleDesignsApp.swift */,
				92EDA0E8263C06ED00CB2887 /* ContentView.swift */,
				9278400C26419D010023F503 /* TrainingView.swift */,
				92EDA0EA263C06EF00CB2887 /* Assets.xcassets */,
				92EDA0F6263C2DFD00CB2887 /* Image.png */,
				92EDA0EF263C06EF00CB2887 /* Info.plist */,
				92EDA0EC263C06EF00CB2887 /* Preview Content */,
			);
			path = DribbbleDesigns;
			sourceTree = "<group>";
		};
		92EDA0EC263C06EF00CB2887 /* Preview Content */ = {
			isa = PBXGroup;
			children = (
				92EDA0ED263C06EF00CB2887 /* Preview Assets.xcassets */,
			);
			path = "Preview Content";
			sourceTree = "<group>";
		};
/* End PBXGroup section */

/* Begin PBXNativeTarget section */
		92EDA0E2263C06ED00CB2887 /* DribbbleDesigns */ = {
			isa = PBXNativeTarget;
			buildConfigurationList = 92EDA0F2263C06EF00CB2887 /* Build configuration list for PBXNativeTarget "DribbbleDesigns" */;
			buildPhases = (
				92EDA0DF263C06ED00CB2887 /* Sources */,
				92EDA0E0263C06ED00CB2887 /* Frameworks */,
				92EDA0E1263C06ED00CB2887 /* Resources */,
			);
			buildRules = (
			);
			dependencies = (
			);
			name = DribbbleDesigns;
			productName = DribbbleDesigns;
			productReference = 92EDA0E3263C06ED00CB2887 /* DribbbleDesigns.app */;
			productType = "com.apple.product-type.application";
		};
/* End PBXNativeTarget section */

/* Begin PBXProject section */
		92EDA0DB263C06ED00CB2887 /* Project object */ = {
			isa = PBXProject;
			attributes = {
				LastSwiftUpdateCheck = 1240;
				LastUpgradeCheck = 1240;
				TargetAttributes = {
					92EDA0E2263C06ED00CB2887 = {
						CreatedOnToolsVersion = 12.4;
					};
				};
			};
			buildConfigurationList = 92EDA0DE263C06ED00CB2887 /* Build configuration list for PBXProject "DribbbleDesigns" */;
			compatibilityVersion = "Xcode 9.3";
			developmentRegion = en;
			hasScannedForEncodings = 0;
			knownRegions = (
				en,
				Base,
			);
			mainGroup = 92EDA0DA263C06ED00CB2887;
			productRefGroup = 92EDA0E4263C06ED00CB2887 /* Products */;
			projectDirPath = "";
			projectRoot = "";
			targets = (
				92EDA0E2263C06ED00CB2887 /* DribbbleDesigns */,
			);
		};
/* End PBXProject section */

/* Begin PBXResourcesBuildPhase section */
		92EDA0E1263C06ED00CB2887 /* Resources */ = {
			isa = PBXResourcesBuildPhase;
			buildActionMask = 2147483647;
			files = (
				92783FFD264188B40023F503 /* Poppins-Black.ttf in Resources */,
				9278400B264188B40023F503 /* Poppins-MediumItalic.ttf in Resources */,
				92783FFF264188B40023F503 /* Poppins-Light.ttf in Resources */,
				92EDA0F7263C2DFD00CB2887 /* Image.png in Resources */,
				92783FFC264188B40023F503 /* Poppins-LightItalic.ttf in Resources */,
				92EDA0EE263C06EF00CB2887 /* Preview Assets.xcassets in Resources */,
				92783FFB264188B40023F503 /* Poppins-Regular.ttf in Resources */,
				92784009264188B40023F503 /* Poppins-Bold.ttf in Resources */,
				92783FFE264188B40023F503 /* Poppins-SemiBold.ttf in Resources */,
				92EDA0EB263C06EF00CB2887 /* Assets.xcassets in Resources */,
				92784003264188B40023F503 /* Poppins-BoldItalic.ttf in Resources */,
				92784005264188B40023F503 /* Poppins-Italic.ttf in Resources */,
				92784001264188B40023F503 /* Poppins-ThinItalic.ttf in Resources */,
				92784000264188B40023F503 /* Poppins-Thin.ttf in Resources */,
				92784004264188B40023F503 /* Poppins-ExtraLightItalic.ttf in Resources */,
				92784008264188B40023F503 /* Poppins-ExtraLight.ttf in Resources */,
				92783FFA264188B40023F503 /* Poppins-Medium.ttf in Resources */,
				9278400A264188B40023F503 /* Poppins-SemiBoldItalic.ttf in Resources */,
				92784002264188B40023F503 /* Poppins-ExtraBold.ttf in Resources */,
				92784007264188B40023F503 /* Poppins-BlackItalic.ttf in Resources */,
				92784006264188B40023F503 /* Poppins-ExtraBoldItalic.ttf in Resources */,
			);
			runOnlyForDeploymentPostprocessing = 0;
		};
/* End PBXResourcesBuildPhase section */

/* Begin PBXSourcesBuildPhase section */
		92EDA0DF263C06ED00CB2887 /* Sources */ = {
			isa = PBXSourcesBuildPhase;
			buildActionMask = 2147483647;
			files = (
				92EDA0E9263C06ED00CB2887 /* ContentView.swift in Sources */,
				9278400D26419D010023F503 /* TrainingView.swift in Sources */,
				92EDA0E7263C06ED00CB2887 /* DribbbleDesignsApp.swift in Sources */,
			);
			runOnlyForDeploymentPostprocessing = 0;
		};
/* End PBXSourcesBuildPhase section */

/* Begin XCBuildConfiguration section */
		92EDA0F0263C06EF00CB2887 /* Debug */ = {
			isa = XCBuildConfiguration;
			buildSettings = {
				ALWAYS_SEARCH_USER_PATHS = NO;
				CLANG_ANALYZER_NONNULL = YES;
				CLANG_ANALYZER_NUMBER_OBJECT_CONVERSION = YES_AGGRESSIVE;
				CLANG_CXX_LANGUAGE_STANDARD = "gnu++14";
				CLANG_CXX_LIBRARY = "libc++";
				CLANG_ENABLE_MODULES = YES;
				CLANG_ENABLE_OBJC_ARC = YES;
				CLANG_ENABLE_OBJC_WEAK = YES;
				CLANG_WARN_BLOCK_CAPTURE_AUTORELEASING = YES;
				CLANG_WARN_BOOL_CONVERSION = YES;
				CLANG_WARN_COMMA = YES;
				CLANG_WARN_CONSTANT_CONVERSION = YES;
				CLANG_WARN_DEPRECATED_OBJC_IMPLEMENTATIONS = YES;
				CLANG_WARN_DIRECT_OBJC_ISA_USAGE = YES_ERROR;
				CLANG_WARN_DOCUMENTATION_COMMENTS = YES;
				CLANG_WARN_EMPTY_BODY = YES;
				CLANG_WARN_ENUM_CONVERSION = YES;
				CLANG_WARN_INFINITE_RECURSION = YES;
				CLANG_WARN_INT_CONVERSION = YES;
				CLANG_WARN_NON_LITERAL_NULL_CONVERSION = YES;
				CLANG_WARN_OBJC_IMPLICIT_RETAIN_SELF = YES;
				CLANG_WARN_OBJC_LITERAL_CONVERSION = YES;
				CLANG_WARN_OBJC_ROOT_CLASS = YES_ERROR;
				CLANG_WARN_QUOTED_INCLUDE_IN_FRAMEWORK_HEADER = YES;
				CLANG_WARN_RANGE_LOOP_ANALYSIS = YES;
				CLANG_WARN_STRICT_PROTOTYPES = YES;
				CLANG_WARN_SUSPICIOUS_MOVE = YES;
				CLANG_WARN_UNGUARDED_AVAILABILITY = YES_AGGRESSIVE;
				CLANG_WARN_UNREACHABLE_CODE = YES;
				CLANG_WARN__DUPLICATE_METHOD_MATCH = YES;
				COPY_PHASE_STRIP = NO;
				DEBUG_INFORMATION_FORMAT = dwarf;
				ENABLE_STRICT_OBJC_MSGSEND = YES;
				ENABLE_TESTABILITY = YES;
				GCC_C_LANGUAGE_STANDARD = gnu11;
				GCC_DYNAMIC_NO_PIC = NO;
				GCC_NO_COMMON_BLOCKS = YES;
				GCC_OPTIMIZATION_LEVEL = 0;
				GCC_PREPROCESSOR_DEFINITIONS = (
					"DEBUG=1",
					"$(inherited)",
				);
				GCC_WARN_64_TO_32_BIT_CONVERSION = YES;
				GCC_WARN_ABOUT_RETURN_TYPE = YES_ERROR;
				GCC_WARN_UNDECLARED_SELECTOR = YES;
				GCC_WARN_UNINITIALIZED_AUTOS = YES_AGGRESSIVE;
				GCC_WARN_UNUSED_FUNCTION = YES;
				GCC_WARN_UNUSED_VARIABLE = YES;
				IPHONEOS_DEPLOYMENT_TARGET = 14.4;
				MTL_ENABLE_DEBUG_INFO = INCLUDE_SOURCE;
				MTL_FAST_MATH = YES;
				ONLY_ACTIVE_ARCH = YES;
				SDKROOT = iphoneos;
				SWIFT_ACTIVE_COMPILATION_CONDITIONS = DEBUG;
				SWIFT_OPTIMIZATION_LEVEL = "-Onone";
			};
			name = Debug;
		};
		92EDA0F1263C06EF00CB2887 /* Release */ = {
			isa = XCBuildConfiguration;
			buildSettings = {
				ALWAYS_SEARCH_USER_PATHS = NO;
				CLANG_ANALYZER_NONNULL = YES;
				CLANG_ANALYZER_NUMBER_OBJECT_CONVERSION = YES_AGGRESSIVE;
				CLANG_CXX_LANGUAGE_STANDARD = "gnu++14";
				CLANG_CXX_LIBRARY = "libc++";
				CLANG_ENABLE_MODULES = YES;
				CLANG_ENABLE_OBJC_ARC = YES;
				CLANG_ENABLE_OBJC_WEAK = YES;
				CLANG_WARN_BLOCK_CAPTURE_AUTORELEASING = YES;
				CLANG_WARN_BOOL_CONVERSION = YES;
				CLANG_WARN_COMMA = YES;
				CLANG_WARN_CONSTANT_CONVERSION = YES;
				CLANG_WARN_DEPRECATED_OBJC_IMPLEMENTATIONS = YES;
				CLANG_WARN_DIRECT_OBJC_ISA_USAGE = YES_ERROR;
				CLANG_WARN_DOCUMENTATION_COMMENTS = YES;
				CLANG_WARN_EMPTY_BODY = YES;
				CLANG_WARN_ENUM_CONVERSION = YES;
				CLANG_WARN_INFINITE_RECURSION = YES;
				CLANG_WARN_INT_CONVERSION = YES;
				CLANG_WARN_NON_LITERAL_NULL_CONVERSION = YES;
				CLANG_WARN_OBJC_IMPLICIT_RETAIN_SELF = YES;
				CLANG_WARN_OBJC_LITERAL_CONVERSION = YES;
				CLANG_WARN_OBJC_ROOT_CLASS = YES_ERROR;
				CLANG_WARN_QUOTED_INCLUDE_IN_FRAMEWORK_HEADER = YES;
				CLANG_WARN_RANGE_LOOP_ANALYSIS = YES;
				CLANG_WARN_STRICT_PROTOTYPES = YES;
				CLANG_WARN_SUSPICIOUS_MOVE = YES;
				CLANG_WARN_UNGUARDED_AVAILABILITY = YES_AGGRESSIVE;
				CLANG_WARN_UNREACHABLE_CODE = YES;
				CLANG_WARN__DUPLICATE_METHOD_MATCH = YES;
				COPY_PHASE_STRIP = NO;
				DEBUG_INFORMATION_FORMAT = "dwarf-with-dsym";
				ENABLE_NS_ASSERTIONS = NO;
				ENABLE_STRICT_OBJC_MSGSEND = YES;
				GCC_C_LANGUAGE_STANDARD = gnu11;
				GCC_NO_COMMON_BLOCKS = YES;
				GCC_WARN_64_TO_32_BIT_CONVERSION = YES;
				GCC_WARN_ABOUT_RETURN_TYPE = YES_ERROR;
				GCC_WARN_UNDECLARED_SELECTOR = YES;
				GCC_WARN_UNINITIALIZED_AUTOS = YES_AGGRESSIVE;
				GCC_WARN_UNUSED_FUNCTION = YES;
				GCC_WARN_UNUSED_VARIABLE = YES;
				IPHONEOS_DEPLOYMENT_TARGET = 14.4;
				MTL_ENABLE_DEBUG_INFO = NO;
				MTL_FAST_MATH = YES;
				SDKROOT = iphoneos;
				SWIFT_COMPILATION_MODE = wholemodule;
				SWIFT_OPTIMIZATION_LEVEL = "-O";
				VALIDATE_PRODUCT = YES;
			};
			name = Release;
		};
		92EDA0F3263C06EF00CB2887 /* Debug */ = {
			isa = XCBuildConfiguration;
			buildSettings = {
				ASSETCATALOG_COMPILER_APPICON_NAME = AppIcon;
				ASSETCATALOG_COMPILER_GLOBAL_ACCENT_COLOR_NAME = AccentColor;
				CODE_SIGN_STYLE = Automatic;
				DEVELOPMENT_ASSET_PATHS = "\"DribbbleDesigns/Preview Content\"";
				DEVELOPMENT_TEAM = 2KSK6YV8G7;
				ENABLE_PREVIEWS = YES;
				INFOPLIST_FILE = DribbbleDesigns/Info.plist;
				IPHONEOS_DEPLOYMENT_TARGET = 14.0;
				LD_RUNPATH_SEARCH_PATHS = (
					"$(inherited)",
					"@executable_path/Frameworks",
				);
				PRODUCT_BUNDLE_IDENTIFIER = com.async.DribbbleDesigns;
				PRODUCT_NAME = "$(TARGET_NAME)";
				SWIFT_VERSION = 5.0;
				TARGETED_DEVICE_FAMILY = "1,2";
			};
			name = Debug;
		};
		92EDA0F4263C06EF00CB2887 /* Release */ = {
			isa = XCBuildConfiguration;
			buildSettings = {
				ASSETCATALOG_COMPILER_APPICON_NAME = AppIcon;
				ASSETCATALOG_COMPILER_GLOBAL_ACCENT_COLOR_NAME = AccentColor;
				CODE_SIGN_STYLE = Automatic;
				DEVELOPMENT_ASSET_PATHS = "\"DribbbleDesigns/Preview Content\"";
				DEVELOPMENT_TEAM = 2KSK6YV8G7;
				ENABLE_PREVIEWS = YES;
				INFOPLIST_FILE = DribbbleDesigns/Info.plist;
				IPHONEOS_DEPLOYMENT_TARGET = 14.0;
				LD_RUNPATH_SEARCH_PATHS = (
					"$(inherited)",
					"@executable_path/Frameworks",
				);
				PRODUCT_BUNDLE_IDENTIFIER = com.async.DribbbleDesigns;
				PRODUCT_NAME = "$(TARGET_NAME)";
				SWIFT_VERSION = 5.0;
				TARGETED_DEVICE_FAMILY = "1,2";
			};
			name = Release;
		};
/* End XCBuildConfiguration section */

/* Begin XCConfigurationList section */
		92EDA0DE263C06ED00CB2887 /* Build configuration list for PBXProject "DribbbleDesigns" */ = {
			isa = XCConfigurationList;
			buildConfigurations = (
				92EDA0F0263C06EF00CB2887 /* Debug */,
				92EDA0F1263C06EF00CB2887 /* Release */,
			);
			defaultConfigurationIsVisible = 0;
			defaultConfigurationName = Release;
		};
		92EDA0F2263C06EF00CB2887 /* Build configuration list for PBXNativeTarget "DribbbleDesigns" */ = {
			isa = XCConfigurationList;
			buildConfigurations = (
				92EDA0F3263C06EF00CB2887 /* Debug */,
				92EDA0F4263C06EF00CB2887 /* Release */,
			);
			defaultConfigurationIsVisible = 0;
			defaultConfigurationName = Release;
		};
/* End XCConfigurationList section */
	};
	rootObject = 92EDA0DB263C06ED00CB2887 /* Project object */;
}
